// !$*UTF8*$!
{
	archiveVersion = 1;
	classes = {
	};
	objectVersion = 77;
	objects = {

/* Begin PBXBuildFile section */
		343D35CF33751CBEA5C94B7B /* Pods_RevisoTests.framework in Frameworks */ = {isa = PBXBuildFile; fileRef = 30600E38CE397794AE276F9B /* Pods_RevisoTests.framework */; };
		765ECA958BECA9693256835C /* Pods_RevisoUITests.framework in Frameworks */ = {isa = PBXBuildFile; fileRef = F17C6BB6BF7C99266A73EAD2 /* Pods_RevisoUITests.framework */; };
		BD71C9EDAFFE693F9938D339 /* Pods_Reviso.framework in Frameworks */ = {isa = PBXBuildFile; fileRef = BFEB2FB5619A59D86DF32FDF /* Pods_Reviso.framework */; };
/* End PBXBuildFile section */

/* Begin PBXContainerItemProxy section */
		2C4B0ACB2F44667200E05F41 /* PBXContainerItemProxy */ = {
			isa = PBXContainerItemProxy;
			containerPortal = 2C4B0AB32F44667100E05F41 /* Project object */;
			proxyType = 1;
			remoteGlobalIDString = 2C4B0ABA2F44667100E05F41;
			remoteInfo = Reviso;
		};
		2C4B0AD52F44667200E05F41 /* PBXContainerItemProxy */ = {
			isa = PBXContainerItemProxy;
			containerPortal = 2C4B0AB32F44667100E05F41 /* Project object */;
			proxyType = 1;
			remoteGlobalIDString = 2C4B0ABA2F44667100E05F41;
			remoteInfo = Reviso;
		};
/* End PBXContainerItemProxy section */

/* Begin PBXFileReference section */
		057576ADEA70B525ED3568F0 /* Pods-RevisoUITests.release.xcconfig */ = {isa = PBXFileReference; includeInIndex = 1; lastKnownFileType = text.xcconfig; name = "Pods-RevisoUITests.release.xcconfig"; path = "Target Support Files/Pods-RevisoUITests/Pods-RevisoUITests.release.xcconfig"; sourceTree = "<group>"; };
		2C4B0ABB2F44667100E05F41 /* Reviso.app */ = {isa = PBXFileReference; explicitFileType = wrapper.application; includeInIndex = 0; path = Reviso.app; sourceTree = BUILT_PRODUCTS_DIR; };
		2C4B0ACA2F44667200E05F41 /* RevisoTests.xctest */ = {isa = PBXFileReference; explicitFileType = wrapper.cfbundle; includeInIndex = 0; path = RevisoTests.xctest; sourceTree = BUILT_PRODUCTS_DIR; };
		2C4B0AD42F44667200E05F41 /* RevisoUITests.xctest */ = {isa = PBXFileReference; explicitFileType = wrapper.cfbundle; includeInIndex = 0; path = RevisoUITests.xctest; sourceTree = BUILT_PRODUCTS_DIR; };
		30600E38CE397794AE276F9B /* Pods_RevisoTests.framework */ = {isa = PBXFileReference; explicitFileType = wrapper.framework; includeInIndex = 0; path = Pods_RevisoTests.framework; sourceTree = BUILT_PRODUCTS_DIR; };
		41E56266D13A0A93C78DF45B /* Pods-Reviso.debug.xcconfig */ = {isa = PBXFileReference; includeInIndex = 1; lastKnownFileType = text.xcconfig; name = "Pods-Reviso.debug.xcconfig"; path = "Target Support Files/Pods-Reviso/Pods-Reviso.debug.xcconfig"; sourceTree = "<group>"; };
		750E1FB070BA92E3329E057E /* Pods-RevisoTests.release.xcconfig */ = {isa = PBXFileReference; includeInIndex = 1; lastKnownFileType = text.xcconfig; name = "Pods-RevisoTests.release.xcconfig"; path = "Target Support Files/Pods-RevisoTests/Pods-RevisoTests.release.xcconfig"; sourceTree = "<group>"; };
		A2AA73B5E526846F18ADA183 /* Pods-RevisoUITests.debug.xcconfig */ = {isa = PBXFileReference; includeInIndex = 1; lastKnownFileType = text.xcconfig; name = "Pods-RevisoUITests.debug.xcconfig"; path = "Target Support Files/Pods-RevisoUITests/Pods-RevisoUITests.debug.xcconfig"; sourceTree = "<group>"; };
		A33567CCB169B5BD4C946699 /* Pods-Reviso.release.xcconfig */ = {isa = PBXFileReference; includeInIndex = 1; lastKnownFileType = text.xcconfig; name = "Pods-Reviso.release.xcconfig"; path = "Target Support Files/Pods-Reviso/Pods-Reviso.release.xcconfig"; sourceTree = "<group>"; };
		BFEB2FB5619A59D86DF32FDF /* Pods_Reviso.framework */ = {isa = PBXFileReference; explicitFileType = wrapper.framework; includeInIndex = 0; path = Pods_Reviso.framework; sourceTree = BUILT_PRODUCTS_DIR; };
		ECF3E4C54D59588AD9FC3178 /* Pods-RevisoTests.debug.xcconfig */ = {isa = PBXFileReference; includeInIndex = 1; lastKnownFileType = text.xcconfig; name = "Pods-RevisoTests.debug.xcconfig"; path = "Target Support Files/Pods-RevisoTests/Pods-RevisoTests.debug.xcconfig"; sourceTree = "<group>"; };
		F17C6BB6BF7C99266A73EAD2 /* Pods_RevisoUITests.framework */ = {isa = PBXFileReference; explicitFileType = wrapper.framework; includeInIndex = 0; path = Pods_RevisoUITests.framework; sourceTree = BUILT_PRODUCTS_DIR; };
/* End PBXFileReference section */

/* Begin PBXFileSystemSynchronizedRootGroup section */
		2C4B0ABD2F44667100E05F41 /* Reviso */ = {
			isa = PBXFileSystemSynchronizedRootGroup;
			exceptions = (
			);
			path = Reviso;
			sourceTree = "<group>";
		};
		2C4B0ACD2F44667200E05F41 /* RevisoTests */ = {
			isa = PBXFileSystemSynchronizedRootGroup;
			exceptions = (
			);
			path = RevisoTests;
			sourceTree = "<group>";
		};
		2C4B0AD72F44667200E05F41 /* RevisoUITests */ = {
			isa = PBXFileSystemSynchronizedRootGroup;
			exceptions = (
			);
			path = RevisoUITests;
			sourceTree = "<group>";
		};
/* End PBXFileSystemSynchronizedRootGroup section */

/* Begin PBXFrameworksBuildPhase section */
		2C4B0AB82F44667100E05F41 /* Frameworks */ = {
			isa = PBXFrameworksBuildPhase;
			buildActionMask = 2147483647;
			files = (
				BD71C9EDAFFE693F9938D339 /* Pods_Reviso.framework in Frameworks */,
			);
			runOnlyForDeploymentPostprocessing = 0;
		};
		2C4B0AC72F44667200E05F41 /* Frameworks */ = {
			isa = PBXFrameworksBuildPhase;
			buildActionMask = 2147483647;
			files = (
				343D35CF33751CBEA5C94B7B /* Pods_RevisoTests.framework in Frameworks */,
			);
			runOnlyForDeploymentPostprocessing = 0;
		};
		2C4B0AD12F44667200E05F41 /* Frameworks */ = {
			isa = PBXFrameworksBuildPhase;
			buildActionMask = 2147483647;
			files = (
				765ECA958BECA9693256835C /* Pods_RevisoUITests.framework in Frameworks */,
			);
			runOnlyForDeploymentPostprocessing = 0;
		};
/* End PBXFrameworksBuildPhase section */

/* Begin PBXGroup section */
		004B7EBAD4BD883C505D7BD2 /* Frameworks */ = {
			isa = PBXGroup;
			children = (
				BFEB2FB5619A59D86DF32FDF /* Pods_Reviso.framework */,
				30600E38CE397794AE276F9B /* Pods_RevisoTests.framework */,
				F17C6BB6BF7C99266A73EAD2 /* Pods_RevisoUITests.framework */,
			);
			name = Frameworks;
			sourceTree = "<group>";
		};
		2C4B0AB22F44667100E05F41 = {
			isa = PBXGroup;
			children = (
				2C4B0ABD2F44667100E05F41 /* Reviso */,
				2C4B0ACD2F44667200E05F41 /* RevisoTests */,
				2C4B0AD72F44667200E05F41 /* RevisoUITests */,
				2C4B0ABC2F44667100E05F41 /* Products */,
				B38B6237F9DBD2A70D1E0CC1 /* Pods */,
				004B7EBAD4BD883C505D7BD2 /* Frameworks */,
			);
			sourceTree = "<group>";
		};
		2C4B0ABC2F44667100E05F41 /* Products */ = {
			isa = PBXGroup;
			children = (
				2C4B0ABB2F44667100E05F41 /* Reviso.app */,
				2C4B0ACA2F44667200E05F41 /* RevisoTests.xctest */,
				2C4B0AD42F44667200E05F41 /* RevisoUITests.xctest */,
			);
			name = Products;
			sourceTree = "<group>";
		};
		B38B6237F9DBD2A70D1E0CC1 /* Pods */ = {
			isa = PBXGroup;
			children = (
				41E56266D13A0A93C78DF45B /* Pods-Reviso.debug.xcconfig */,
				A33567CCB169B5BD4C946699 /* Pods-Reviso.release.xcconfig */,
				ECF3E4C54D59588AD9FC3178 /* Pods-RevisoTests.debug.xcconfig */,
				750E1FB070BA92E3329E057E /* Pods-RevisoTests.release.xcconfig */,
				A2AA73B5E526846F18ADA183 /* Pods-RevisoUITests.debug.xcconfig */,
				057576ADEA70B525ED3568F0 /* Pods-RevisoUITests.release.xcconfig */,
			);
			name = Pods;
			path = Pods;
			sourceTree = "<group>";
		};
/* End PBXGroup section */

/* Begin PBXNativeTarget section */
		2C4B0ABA2F44667100E05F41 /* Reviso */ = {
			isa = PBXNativeTarget;
			buildConfigurationList = 2C4B0ADE2F44667200E05F41 /* Build configuration list for PBXNativeTarget "Reviso" */;
			buildPhases = (
				4E3F9338DAB89CB33BB1403E /* [CP] Check Pods Manifest.lock */,
				2C4B0AB72F44667100E05F41 /* Sources */,
				2C4B0AB82F44667100E05F41 /* Frameworks */,
				2C4B0AB92F44667100E05F41 /* Resources */,
				871F2229E579FDE6E5C3BC81 /* [CP] Embed Pods Frameworks */,
			);
			buildRules = (
			);
			dependencies = (
			);
			fileSystemSynchronizedGroups = (
				2C4B0ABD2F44667100E05F41 /* Reviso */,
			);
			name = Reviso;
			productName = Reviso;
			productReference = 2C4B0ABB2F44667100E05F41 /* Reviso.app */;
			productType = "com.apple.product-type.application";
		};
		2C4B0AC92F44667200E05F41 /* RevisoTests */ = {
			isa = PBXNativeTarget;
			buildConfigurationList = 2C4B0AE12F44667200E05F41 /* Build configuration list for PBXNativeTarget "RevisoTests" */;
			buildPhases = (
				0632B469DD6536955BB5D1E1 /* [CP] Check Pods Manifest.lock */,
				2C4B0AC62F44667200E05F41 /* Sources */,
				2C4B0AC72F44667200E05F41 /* Frameworks */,
				2C4B0AC82F44667200E05F41 /* Resources */,
			);
			buildRules = (
			);
			dependencies = (
				2C4B0ACC2F44667200E05F41 /* PBXTargetDependency */,
			);
			fileSystemSynchronizedGroups = (
				2C4B0ACD2F44667200E05F41 /* RevisoTests */,
			);
			name = RevisoTests;
			productName = RevisoTests;
			productReference = 2C4B0ACA2F44667200E05F41 /* RevisoTests.xctest */;
			productType = "com.apple.product-type.bundle.unit-test";
		};
		2C4B0AD32F44667200E05F41 /* RevisoUITests */ = {
			isa = PBXNativeTarget;
			buildConfigurationList = 2C4B0AE42F44667200E05F41 /* Build configuration list for PBXNativeTarget "RevisoUITests" */;
			buildPhases = (
				1425E1FB663504410F3C9B52 /* [CP] Check Pods Manifest.lock */,
				2C4B0AD02F44667200E05F41 /* Sources */,
				2C4B0AD12F44667200E05F41 /* Frameworks */,
				2C4B0AD22F44667200E05F41 /* Resources */,
			);
			buildRules = (
			);
			dependencies = (
				2C4B0AD62F44667200E05F41 /* PBXTargetDependency */,
			);
			fileSystemSynchronizedGroups = (
				2C4B0AD72F44667200E05F41 /* RevisoUITests */,
			);
			name = RevisoUITests;
			productName = RevisoUITests;
			productReference = 2C4B0AD42F44667200E05F41 /* RevisoUITests.xctest */;
			productType = "com.apple.product-type.bundle.ui-testing";
		};
/* End PBXNativeTarget section */

/* Begin PBXProject section */
		2C4B0AB32F44667100E05F41 /* Project object */ = {
			isa = PBXProject;
			attributes = {
				BuildIndependentTargetsInParallel = 1;
				LastSwiftUpdateCheck = 2630;
				LastUpgradeCheck = 2630;
				TargetAttributes = {
					2C4B0ABA2F44667100E05F41 = {
						CreatedOnToolsVersion = 26.3;
					};
					2C4B0AC92F44667200E05F41 = {
						CreatedOnToolsVersion = 26.3;
						TestTargetID = 2C4B0ABA2F44667100E05F41;
					};
					2C4B0AD32F44667200E05F41 = {
						CreatedOnToolsVersion = 26.3;
						TestTargetID = 2C4B0ABA2F44667100E05F41;
					};
				};
			};
			buildConfigurationList = 2C4B0AB62F44667100E05F41 /* Build configuration list for PBXProject "Reviso" */;
			developmentRegion = en;
			hasScannedForEncodings = 0;
			knownRegions = (
				en,
				Base,
			);
			mainGroup = 2C4B0AB22F44667100E05F41;
			minimizedProjectReferenceProxies = 1;
			preferredProjectObjectVersion = 77;
			productRefGroup = 2C4B0ABC2F44667100E05F41 /* Products */;
			projectDirPath = "";
			projectRoot = "";
			targets = (
				2C4B0ABA2F44667100E05F41 /* Reviso */,
				2C4B0AC92F44667200E05F41 /* RevisoTests */,
				2C4B0AD32F44667200E05F41 /* RevisoUITests */,
			);
		};
/* End PBXProject section */

/* Begin PBXResourcesBuildPhase section */
		2C4B0AB92F44667100E05F41 /* Resources */ = {
			isa = PBXResourcesBuildPhase;
			buildActionMask = 2147483647;
			files = (
			);
			runOnlyForDeploymentPostprocessing = 0;
		};
		2C4B0AC82F44667200E05F41 /* Resources */ = {
			isa = PBXResourcesBuildPhase;
			buildActionMask = 2147483647;
			files = (
			);
			runOnlyForDeploymentPostprocessing = 0;
		};
		2C4B0AD22F44667200E05F41 /* Resources */ = {
			isa = PBXResourcesBuildPhase;
			buildActionMask = 2147483647;
			files = (
			);
			runOnlyForDeploymentPostprocessing = 0;
		};
/* End PBXResourcesBuildPhase section */

/* Begin PBXShellScriptBuildPhase section */
		0632B469DD6536955BB5D1E1 /* [CP] Check Pods Manifest.lock */ = {
			isa = PBXShellScriptBuildPhase;
			buildActionMask = 2147483647;
			files = (
			);
			inputFileListPaths = (
			);
			inputPaths = (
				"${PODS_PODFILE_DIR_PATH}/Podfile.lock",
				"${PODS_ROOT}/Manifest.lock",
			);
			name = "[CP] Check Pods Manifest.lock";
			outputFileListPaths = (
			);
			outputPaths = (
				"$(DERIVED_FILE_DIR)/Pods-RevisoTests-checkManifestLockResult.txt",
			);
			runOnlyForDeploymentPostprocessing = 0;
			shellPath = /bin/sh;
			shellScript = "diff \"${PODS_PODFILE_DIR_PATH}/Podfile.lock\" \"${PODS_ROOT}/Manifest.lock\" > /dev/null\nif [ $? != 0 ] ; then\n    # print error to STDERR\n    echo \"error: The sandbox is not in sync with the Podfile.lock. Run 'pod install' or update your CocoaPods installation.\" >&2\n    exit 1\nfi\n# This output is used by Xcode 'outputs' to avoid re-running this script phase.\necho \"SUCCESS\" > \"${SCRIPT_OUTPUT_FILE_0}\"\n";
			showEnvVarsInLog = 0;
		};
		1425E1FB663504410F3C9B52 /* [CP] Check Pods Manifest.lock */ = {
			isa = PBXShellScriptBuildPhase;
			buildActionMask = 2147483647;
			files = (
			);
			inputFileListPaths = (
			);
			inputPaths = (
				"${PODS_PODFILE_DIR_PATH}/Podfile.lock",
				"${PODS_ROOT}/Manifest.lock",
			);
			name = "[CP] Check Pods Manifest.lock";
			outputFileListPaths = (
			);
			outputPaths = (
				"$(DERIVED_FILE_DIR)/Pods-RevisoUITests-checkManifestLockResult.txt",
			);
			runOnlyForDeploymentPostprocessing = 0;
			shellPath = /bin/sh;
			shellScript = "diff \"${PODS_PODFILE_DIR_PATH}/Podfile.lock\" \"${PODS_ROOT}/Manifest.lock\" > /dev/null\nif [ $? != 0 ] ; then\n    # print error to STDERR\n    echo \"error: The sandbox is not in sync with the Podfile.lock. Run 'pod install' or update your CocoaPods installation.\" >&2\n    exit 1\nfi\n# This output is used by Xcode 'outputs' to avoid re-running this script phase.\necho \"SUCCESS\" > \"${SCRIPT_OUTPUT_FILE_0}\"\n";
			showEnvVarsInLog = 0;
		};
		4E3F9338DAB89CB33BB1403E /* [CP] Check Pods Manifest.lock */ = {
			isa = PBXShellScriptBuildPhase;
			buildActionMask = 2147483647;
			files = (
			);
			inputFileListPaths = (
			);
			inputPaths = (
				"${PODS_PODFILE_DIR_PATH}/Podfile.lock",
				"${PODS_ROOT}/Manifest.lock",
			);
			name = "[CP] Check Pods Manifest.lock";
			outputFileListPaths = (
			);
			outputPaths = (
				"$(DERIVED_FILE_DIR)/Pods-Reviso-checkManifestLockResult.txt",
			);
			runOnlyForDeploymentPostprocessing = 0;
			shellPath = /bin/sh;
			shellScript = "diff \"${PODS_PODFILE_DIR_PATH}/Podfile.lock\" \"${PODS_ROOT}/Manifest.lock\" > /dev/null\nif [ $? != 0 ] ; then\n    # print error to STDERR\n    echo \"error: The sandbox is not in sync with the Podfile.lock. Run 'pod install' or update your CocoaPods installation.\" >&2\n    exit 1\nfi\n# This output is used by Xcode 'outputs' to avoid re-running this script phase.\necho \"SUCCESS\" > \"${SCRIPT_OUTPUT_FILE_0}\"\n";
			showEnvVarsInLog = 0;
		};
		871F2229E579FDE6E5C3BC81 /* [CP] Embed Pods Frameworks */ = {
			isa = PBXShellScriptBuildPhase;
			buildActionMask = 2147483647;
			files = (
			);
			inputFileListPaths = (
				"${PODS_ROOT}/Target Support Files/Pods-Reviso/Pods-Reviso-frameworks-${CONFIGURATION}-input-files.xcfilelist",
			);
			name = "[CP] Embed Pods Frameworks";
			outputFileListPaths = (
				"${PODS_ROOT}/Target Support Files/Pods-Reviso/Pods-Reviso-frameworks-${CONFIGURATION}-output-files.xcfilelist",
			);
			runOnlyForDeploymentPostprocessing = 0;
			shellPath = /bin/sh;
			shellScript = "\"${PODS_ROOT}/Target Support Files/Pods-Reviso/Pods-Reviso-frameworks.sh\"\n";
			showEnvVarsInLog = 0;
		};
/* End PBXShellScriptBuildPhase section */

/* Begin PBXSourcesBuildPhase section */
		2C4B0AB72F44667100E05F41 /* Sources */ = {
			isa = PBXSourcesBuildPhase;
			buildActionMask = 2147483647;
			files = (
			);
			runOnlyForDeploymentPostprocessing = 0;
		};
		2C4B0AC62F44667200E05F41 /* Sources */ = {
			isa = PBXSourcesBuildPhase;
			buildActionMask = 2147483647;
			files = (
			);
			runOnlyForDeploymentPostprocessing = 0;
		};
		2C4B0AD02F44667200E05F41 /* Sources */ = {
			isa = PBXSourcesBuildPhase;
			buildActionMask = 2147483647;
			files = (
			);
			runOnlyForDeploymentPostprocessing = 0;
		};
/* End PBXSourcesBuildPhase section */

/* Begin PBXTargetDependency section */
		2C4B0ACC2F44667200E05F41 /* PBXTargetDependency */ = {
			isa = PBXTargetDependency;
			target = 2C4B0ABA2F44667100E05F41 /* Reviso */;
			targetProxy = 2C4B0ACB2F44667200E05F41 /* PBXContainerItemProxy */;
		};
		2C4B0AD62F44667200E05F41 /* PBXTargetDependency */ = {
			isa = PBXTargetDependency;
			target = 2C4B0ABA2F44667100E05F41 /* Reviso */;
			targetProxy = 2C4B0AD52F44667200E05F41 /* PBXContainerItemProxy */;
		};
/* End PBXTargetDependency section */

/* Begin XCBuildConfiguration section */
		2C4B0ADC2F44667200E05F41 /* Debug */ = {
			isa = XCBuildConfiguration;
			buildSettings = {
				ALWAYS_SEARCH_USER_PATHS = NO;
				ASSETCATALOG_COMPILER_GENERATE_SWIFT_ASSET_SYMBOL_EXTENSIONS = YES;
				CLANG_ANALYZER_NONNULL = YES;
				CLANG_ANALYZER_NUMBER_OBJECT_CONVERSION = YES_AGGRESSIVE;
				CLANG_CXX_LANGUAGE_STANDARD = "gnu++20";
				CLANG_ENABLE_MODULES = YES;
				CLANG_ENABLE_OBJC_ARC = YES;
				CLANG_ENABLE_OBJC_WEAK = YES;
				CLANG_WARN_BLOCK_CAPTURE_AUTORELEASING = YES;
				CLANG_WARN_BOOL_CONVERSION = YES;
				CLANG_WARN_COMMA = YES;
				CLANG_WARN_CONSTANT_CONVERSION = YES;
				CLANG_WARN_DEPRECATED_OBJC_IMPLEMENTATIONS = YES;
				CLANG_WARN_DIRECT_OBJC_ISA_USAGE = YES_ERROR;
				CLANG_WARN_DOCUMENTATION_COMMENTS = YES;
				CLANG_WARN_EMPTY_BODY = YES;
				CLANG_WARN_ENUM_CONVERSION = YES;
				CLANG_WARN_INFINITE_RECURSION = YES;
				CLANG_WARN_INT_CONVERSION = YES;
				CLANG_WARN_NON_LITERAL_NULL_CONVERSION = YES;
				CLANG_WARN_OBJC_IMPLICIT_RETAIN_SELF = YES;
				CLANG_WARN_OBJC_LITERAL_CONVERSION = YES;
				CLANG_WARN_OBJC_ROOT_CLASS = YES_ERROR;
				CLANG_WARN_QUOTED_INCLUDE_IN_FRAMEWORK_HEADER = YES;
				CLANG_WARN_RANGE_LOOP_ANALYSIS = YES;
				CLANG_WARN_STRICT_PROTOTYPES = YES;
				CLANG_WARN_SUSPICIOUS_MOVE = YES;
				CLANG_WARN_UNGUARDED_AVAILABILITY = YES_AGGRESSIVE;
				CLANG_WARN_UNREACHABLE_CODE = YES;
				CLANG_WARN__DUPLICATE_METHOD_MATCH = YES;
				COPY_PHASE_STRIP = NO;
				DEBUG_INFORMATION_FORMAT = dwarf;
				DEVELOPMENT_TEAM = XVX9KXVZK4;
				ENABLE_STRICT_OBJC_MSGSEND = YES;
				ENABLE_TESTABILITY = YES;
				ENABLE_USER_SCRIPT_SANDBOXING = NO;
				GCC_C_LANGUAGE_STANDARD = gnu17;
				GCC_DYNAMIC_NO_PIC = NO;
				GCC_NO_COMMON_BLOCKS = YES;
				GCC_OPTIMIZATION_LEVEL = 0;
				GCC_PREPROCESSOR_DEFINITIONS = (
					"DEBUG=1",
					"$(inherited)",
				);
				GCC_WARN_64_TO_32_BIT_CONVERSION = YES;
				GCC_WARN_ABOUT_RETURN_TYPE = YES_ERROR;
				GCC_WARN_UNDECLARED_SELECTOR = YES;
				GCC_WARN_UNINITIALIZED_AUTOS = YES_AGGRESSIVE;
				GCC_WARN_UNUSED_FUNCTION = YES;
				GCC_WARN_UNUSED_VARIABLE = YES;
				IPHONEOS_DEPLOYMENT_TARGET = 26.2;
				LOCALIZATION_PREFERS_STRING_CATALOGS = YES;
				MTL_ENABLE_DEBUG_INFO = INCLUDE_SOURCE;
				MTL_FAST_MATH = YES;
				ONLY_ACTIVE_ARCH = YES;
				SDKROOT = iphoneos;
				SWIFT_ACTIVE_COMPILATION_CONDITIONS = "DEBUG $(inherited)";
				SWIFT_OPTIMIZATION_LEVEL = "-Onone";
			};
			name = Debug;
		};
		2C4B0ADD2F44667200E05F41 /* Release */ = {
			isa = XCBuildConfiguration;
			buildSettings = {
				ALWAYS_SEARCH_USER_PATHS = NO;
				ASSETCATALOG_COMPILER_GENERATE_SWIFT_ASSET_SYMBOL_EXTENSIONS = YES;
				CLANG_ANALYZER_NONNULL = YES;
				CLANG_ANALYZER_NUMBER_OBJECT_CONVERSION = YES_AGGRESSIVE;
				CLANG_CXX_LANGUAGE_STANDARD = "gnu++20";
				CLANG_ENABLE_MODULES = YES;
				CLANG_ENABLE_OBJC_ARC = YES;
				CLANG_ENABLE_OBJC_WEAK = YES;
				CLANG_WARN_BLOCK_CAPTURE_AUTORELEASING = YES;
				CLANG_WARN_BOOL_CONVERSION = YES;
				CLANG_WARN_COMMA = YES;
				CLANG_WARN_CONSTANT_CONVERSION = YES;
				CLANG_WARN_DEPRECATED_OBJC_IMPLEMENTATIONS = YES;
				CLANG_WARN_DIRECT_OBJC_ISA_USAGE = YES_ERROR;
				CLANG_WARN_DOCUMENTATION_COMMENTS = YES;
				CLANG_WARN_EMPTY_BODY = YES;
				CLANG_WARN_ENUM_CONVERSION = YES;
				CLANG_WARN_INFINITE_RECURSION = YES;
				CLANG_WARN_INT_CONVERSION = YES;
				CLANG_WARN_NON_LITERAL_NULL_CONVERSION = YES;
				CLANG_WARN_OBJC_IMPLICIT_RETAIN_SELF = YES;
				CLANG_WARN_OBJC_LITERAL_CONVERSION = YES;
				CLANG_WARN_OBJC_ROOT_CLASS = YES_ERROR;
				CLANG_WARN_QUOTED_INCLUDE_IN_FRAMEWORK_HEADER = YES;
				CLANG_WARN_RANGE_LOOP_ANALYSIS = YES;
				CLANG_WARN_STRICT_PROTOTYPES = YES;
				CLANG_WARN_SUSPICIOUS_MOVE = YES;
				CLANG_WARN_UNGUARDED_AVAILABILITY = YES_AGGRESSIVE;
				CLANG_WARN_UNREACHABLE_CODE = YES;
				CLANG_WARN__DUPLICATE_METHOD_MATCH = YES;
				COPY_PHASE_STRIP = NO;
				DEBUG_INFORMATION_FORMAT = "dwarf-with-dsym";
				DEVELOPMENT_TEAM = XVX9KXVZK4;
				ENABLE_NS_ASSERTIONS = NO;
				ENABLE_STRICT_OBJC_MSGSEND = YES;
				ENABLE_USER_SCRIPT_SANDBOXING = NO;
				GCC_C_LANGUAGE_STANDARD = gnu17;
				GCC_NO_COMMON_BLOCKS = YES;
				GCC_WARN_64_TO_32_BIT_CONVERSION = YES;
				GCC_WARN_ABOUT_RETURN_TYPE = YES_ERROR;
				GCC_WARN_UNDECLARED_SELECTOR = YES;
				GCC_WARN_UNINITIALIZED_AUTOS = YES_AGGRESSIVE;
				GCC_WARN_UNUSED_FUNCTION = YES;
				GCC_WARN_UNUSED_VARIABLE = YES;
				IPHONEOS_DEPLOYMENT_TARGET = 26.2;
				LOCALIZATION_PREFERS_STRING_CATALOGS = YES;
				MTL_ENABLE_DEBUG_INFO = NO;
				MTL_FAST_MATH = YES;
				SDKROOT = iphoneos;
				SWIFT_COMPILATION_MODE = wholemodule;
				VALIDATE_PRODUCT = YES;
			};
			name = Release;
		};
		2C4B0ADF2F44667200E05F41 /* Debug */ = {
			isa = XCBuildConfiguration;
			baseConfigurationReference = 41E56266D13A0A93C78DF45B /* Pods-Reviso.debug.xcconfig */;
			buildSettings = {
				ASSETCATALOG_COMPILER_APPICON_NAME = AppIcon;
				ASSETCATALOG_COMPILER_GLOBAL_ACCENT_COLOR_NAME = AccentColor;
				CODE_SIGN_STYLE = Automatic;
				CURRENT_PROJECT_VERSION = 1;
				DEVELOPMENT_TEAM = XVX9KXVZK4;
				ENABLE_PREVIEWS = YES;
				GENERATE_INFOPLIST_FILE = YES;
				INFOPLIST_KEY_UIApplicationSceneManifest_Generation = YES;
				INFOPLIST_KEY_UIApplicationSupportsIndirectInputEvents = YES;
				INFOPLIST_KEY_UILaunchScreen_Generation = YES;
				INFOPLIST_KEY_UISupportedInterfaceOrientations_iPad = "UIInterfaceOrientationPortrait UIInterfaceOrientationPortraitUpsideDown UIInterfaceOrientationLandscapeLeft UIInterfaceOrientationLandscapeRight";
				INFOPLIST_KEY_UISupportedInterfaceOrientations_iPhone = "UIInterfaceOrientationPortrait UIInterfaceOrientationLandscapeLeft UIInterfaceOrientationLandscapeRight";
				LD_RUNPATH_SEARCH_PATHS = (
					"$(inherited)",
					"@executable_path/Frameworks",
				);
				MARKETING_VERSION = 1.0;
				PRODUCT_BUNDLE_IDENTIFIER = com.kit.Reviso;
				PRODUCT_NAME = "$(TARGET_NAME)";
				STRING_CATALOG_GENERATE_SYMBOLS = YES;
				SWIFT_APPROACHABLE_CONCURRENCY = YES;
				SWIFT_DEFAULT_ACTOR_ISOLATION = MainActor;
				SWIFT_EMIT_LOC_STRINGS = YES;
				SWIFT_UPCOMING_FEATURE_MEMBER_IMPORT_VISIBILITY = YES;
				SWIFT_VERSION = 5.0;
				TARGETED_DEVICE_FAMILY = "1,2";
			};
			name = Debug;
		};
		2C4B0AE02F44667200E05F41 /* Release */ = {
			isa = XCBuildConfiguration;
			baseConfigurationReference = A33567CCB169B5BD4C946699 /* Pods-Reviso.release.xcconfig */;
			buildSettings = {
				ASSETCATALOG_COMPILER_APPICON_NAME = AppIcon;
				ASSETCATALOG_COMPILER_GLOBAL_ACCENT_COLOR_NAME = AccentColor;
				CODE_SIGN_STYLE = Automatic;
				CURRENT_PROJECT_VERSION = 1;
				DEVELOPMENT_TEAM = XVX9KXVZK4;
				ENABLE_PREVIEWS = YES;
				GENERATE_INFOPLIST_FILE = YES;
				INFOPLIST_KEY_UIApplicationSceneManifest_Generation = YES;
				INFOPLIST_KEY_UIApplicationSupportsIndirectInputEvents = YES;
				INFOPLIST_KEY_UILaunchScreen_Generation = YES;
				INFOPLIST_KEY_UISupportedInterfaceOrientations_iPad = "UIInterfaceOrientationPortrait UIInterfaceOrientationPortraitUpsideDown UIInterfaceOrientationLandscapeLeft UIInterfaceOrientationLandscapeRight";
				INFOPLIST_KEY_UISupportedInterfaceOrientations_iPhone = "UIInterfaceOrientationPortrait UIInterfaceOrientationLandscapeLeft UIInterfaceOrientationLandscapeRight";
				LD_RUNPATH_SEARCH_PATHS = (
					"$(inherited)",
					"@executable_path/Frameworks",
				);
				MARKETING_VERSION = 1.0;
				PRODUCT_BUNDLE_IDENTIFIER = com.kit.Reviso;
				PRODUCT_NAME = "$(TARGET_NAME)";
				STRING_CATALOG_GENERATE_SYMBOLS = YES;
				SWIFT_APPROACHABLE_CONCURRENCY = YES;
				SWIFT_DEFAULT_ACTOR_ISOLATION = MainActor;
				SWIFT_EMIT_LOC_STRINGS = YES;
				SWIFT_UPCOMING_FEATURE_MEMBER_IMPORT_VISIBILITY = YES;
				SWIFT_VERSION = 5.0;
				TARGETED_DEVICE_FAMILY = "1,2";
			};
			name = Release;
		};
		2C4B0AE22F44667200E05F41 /* Debug */ = {
			isa = XCBuildConfiguration;
			baseConfigurationReference = ECF3E4C54D59588AD9FC3178 /* Pods-RevisoTests.debug.xcconfig */;
			buildSettings = {
				BUNDLE_LOADER = "$(TEST_HOST)";
				CODE_SIGN_STYLE = Automatic;
				CURRENT_PROJECT_VERSION = 1;
				DEVELOPMENT_TEAM = XVX9KXVZK4;
				GENERATE_INFOPLIST_FILE = YES;
				IPHONEOS_DEPLOYMENT_TARGET = 26.2;
				MARKETING_VERSION = 1.0;
				PRODUCT_BUNDLE_IDENTIFIER = com.kit.RevisoTests;
				PRODUCT_NAME = "$(TARGET_NAME)";
				STRING_CATALOG_GENERATE_SYMBOLS = NO;
				SWIFT_APPROACHABLE_CONCURRENCY = YES;
				SWIFT_EMIT_LOC_STRINGS = NO;
				SWIFT_UPCOMING_FEATURE_MEMBER_IMPORT_VISIBILITY = YES;
				SWIFT_VERSION = 5.0;
				TARGETED_DEVICE_FAMILY = "1,2";
				TEST_HOST = "$(BUILT_PRODUCTS_DIR)/Reviso.app/$(BUNDLE_EXECUTABLE_FOLDER_PATH)/Reviso";
			};
			name = Debug;
		};
		2C4B0AE32F44667200E05F41 /* Release */ = {
			isa = XCBuildConfiguration;
			baseConfigurationReference = 750E1FB070BA92E3329E057E /* Pods-RevisoTests.release.xcconfig */;
			buildSettings = {
				BUNDLE_LOADER = "$(TEST_HOST)";
				CODE_SIGN_STYLE = Automatic;
				CURRENT_PROJECT_VERSION = 1;
				DEVELOPMENT_TEAM = XVX9KXVZK4;
				GENERATE_INFOPLIST_FILE = YES;
				IPHONEOS_DEPLOYMENT_TARGET = 26.2;
				MARKETING_VERSION = 1.0;
				PRODUCT_BUNDLE_IDENTIFIER = com.kit.RevisoTests;
				PRODUCT_NAME = "$(TARGET_NAME)";
				STRING_CATALOG_GENERATE_SYMBOLS = NO;
				SWIFT_APPROACHABLE_CONCURRENCY = YES;
				SWIFT_EMIT_LOC_STRINGS = NO;
				SWIFT_UPCOMING_FEATURE_MEMBER_IMPORT_VISIBILITY = YES;
				SWIFT_VERSION = 5.0;
				TARGETED_DEVICE_FAMILY = "1,2";
				TEST_HOST = "$(BUILT_PRODUCTS_DIR)/Reviso.app/$(BUNDLE_EXECUTABLE_FOLDER_PATH)/Reviso";
			};
			name = Release;
		};
		2C4B0AE52F44667200E05F41 /* Debug */ = {
			isa = XCBuildConfiguration;
			baseConfigurationReference = A2AA73B5E526846F18ADA183 /* Pods-RevisoUITests.debug.xcconfig */;
			buildSettings = {
				CODE_SIGN_STYLE = Automatic;
				CURRENT_PROJECT_VERSION = 1;
				DEVELOPMENT_TEAM = XVX9KXVZK4;
				GENERATE_INFOPLIST_FILE = YES;
				MARKETING_VERSION = 1.0;
				PRODUCT_BUNDLE_IDENTIFIER = com.kit.RevisoUITests;
				PRODUCT_NAME = "$(TARGET_NAME)";
				STRING_CATALOG_GENERATE_SYMBOLS = NO;
				SWIFT_APPROACHABLE_CONCURRENCY = YES;
				SWIFT_EMIT_LOC_STRINGS = NO;
				SWIFT_UPCOMING_FEATURE_MEMBER_IMPORT_VISIBILITY = YES;
				SWIFT_VERSION = 5.0;
				TARGETED_DEVICE_FAMILY = "1,2";
				TEST_TARGET_NAME = Reviso;
			};
			name = Debug;
		};
		2C4B0AE62F44667200E05F41 /* Release */ = {
			isa = XCBuildConfiguration;
			baseConfigurationReference = 057576ADEA70B525ED3568F0 /* Pods-RevisoUITests.release.xcconfig */;
			buildSettings = {
				CODE_SIGN_STYLE = Automatic;
				CURRENT_PROJECT_VERSION = 1;
				DEVELOPMENT_TEAM = XVX9KXVZK4;
				GENERATE_INFOPLIST_FILE = YES;
				MARKETING_VERSION = 1.0;
				PRODUCT_BUNDLE_IDENTIFIER = com.kit.RevisoUITests;
				PRODUCT_NAME = "$(TARGET_NAME)";
				STRING_CATALOG_GENERATE_SYMBOLS = NO;
				SWIFT_APPROACHABLE_CONCURRENCY = YES;
				SWIFT_EMIT_LOC_STRINGS = NO;
				SWIFT_UPCOMING_FEATURE_MEMBER_IMPORT_VISIBILITY = YES;
				SWIFT_VERSION = 5.0;
				TARGETED_DEVICE_FAMILY = "1,2";
				TEST_TARGET_NAME = Reviso;
			};
			name = Release;
		};
/* End XCBuildConfiguration section */

/* Begin XCConfigurationList section */
		2C4B0AB62F44667100E05F41 /* Build configuration list for PBXProject "Reviso" */ = {
			isa = XCConfigurationList;
			buildConfigurations = (
				2C4B0ADC2F44667200E05F41 /* Debug */,
				2C4B0ADD2F44667200E05F41 /* Release */,
			);
			defaultConfigurationIsVisible = 0;
			defaultConfigurationName = Release;
		};
		2C4B0ADE2F44667200E05F41 /* Build configuration list for PBXNativeTarget "Reviso" */ = {
			isa = XCConfigurationList;
			buildConfigurations = (
				2C4B0ADF2F44667200E05F41 /* Debug */,
				2C4B0AE02F44667200E05F41 /* Release */,
			);
			defaultConfigurationIsVisible = 0;
			defaultConfigurationName = Release;
		};
		2C4B0AE12F44667200E05F41 /* Build configuration list for PBXNativeTarget "RevisoTests" */ = {
			isa = XCConfigurationList;
			buildConfigurations = (
				2C4B0AE22F44667200E05F41 /* Debug */,
				2C4B0AE32F44667200E05F41 /* Release */,
			);
			defaultConfigurationIsVisible = 0;
			defaultConfigurationName = Release;
		};
		2C4B0AE42F44667200E05F41 /* Build configuration list for PBXNativeTarget "RevisoUITests" */ = {
			isa = XCConfigurationList;
			buildConfigurations = (
				2C4B0AE52F44667200E05F41 /* Debug */,
				2C4B0AE62F44667200E05F41 /* Release */,
			);
			defaultConfigurationIsVisible = 0;
			defaultConfigurationName = Release;
		};
/* End XCConfigurationList section */
	};
	rootObject = 2C4B0AB32F44667100E05F41 /* Project object */;
}
